Microsoft Visual Studio Solution File, Format Version 7.00
Project("{8BC9CEB8-8B4A-11D0-8D11-00A0C91BC942}") = "appvsh_static", "appvsh_static.vcproj", "{5463BFE4-411E-9F50-ABF9-53A5D4EAA436}"
EndProject
Project("{8BC9CEB8-8B4A-11D0-8D11-00A0C91BC942}") = "appwalktest_static", "appwalktest_static.vcproj", "{72144902-6FED-0413-1C1B-E4DAE04D0D5B}"
EndProject
Project("{8BC9CEB8-8B4A-11D0-8D11-00A0C91BC942}") = "grpall_static", "grpall_static.vcproj", "{025A8D97-BA9D-441A-6C95-1AB1DDA432F3}"
EndProject
Project("{8BC9CEB8-8B4A-11D0-8D11-00A0C91BC942}") = "grpapps_static", "grpapps_static.vcproj", "{E52C45F7-9F93-B2E3-AEC6-7091557B118C}"
EndProject
Project("{8BC9CEB8-8B4A-11D0-8D11-00A0C91BC942}") = "grpcanvases_static", "grpcanvases_static.vcproj", "{8497519D-E4F1-D0AF-3D99-41DEBB45137A}"
EndProject
Project("{8BC9CEB8-8B4A-11D0-8D11-00A0C91BC942}") = "grpfontservers_static", "grpfontservers_static.vcproj", "{C61F9363-A1BA-1AC0-3FB0-B86DADFA2E95}"
EndProject
Project("{8BC9CEB8-8B4A-11D0-8D11-00A0C91BC942}") = "grpimageloaders_static", "grpimageloaders_static.vcproj", "{BF2971FB-3B97-3BB5-6E20-6AA456BCD106}"
EndProject
Project("{8BC9CEB8-8B4A-11D0-8D11-00A0C91BC942}") = "grplibs_static", "grplibs_static.vcproj", "{69CC6DCF-6F53-3C1A-B2DD-FFBB09C068AE}"
EndProject
Project("{8BC9CEB8-8B4A-11D0-8D11-00A0C91BC942}") = "grpmeshes_static", "grpmeshes_static.vcproj", "{0BE2B1AE-5E72-63D6-E3FA-FBB2D472C6DB}"
EndProject
Project("{8BC9CEB8-8B4A-11D0-8D11-00A0C91BC942}") = "grpmeshimpexp_static", "grpmeshimpexp_static.vcproj", "{D7FE5ACD-7605-58D5-412E-D77027E35377}"
EndProject
Project("{8BC9CEB8-8B4A-11D0-8D11-00A0C91BC942}") = "grpopenglcanvas_static", "grpopenglcanvas_static.vcproj", "{C5BE4FB8-4334-8AE1-EE4D-844CBEDDDAAB}"
EndProject
Project("{8BC9CEB8-8B4A-11D0-8D11-00A0C91BC942}") = "grpopenglrenderer_static", "grpopenglrenderer_static.vcproj", "{8EC4EA1D-8559-9817-523C-8B0F07F27CF7}"
EndProject
Project("{8BC9CEB8-8B4A-11D0-8D11-00A0C91BC942}") = "grpplugins_static", "grpplugins_static.vcproj", "{0E350FAB-AC29-2982-8FB4-C97CA88F1415}"
EndProject
Project("{8BC9CEB8-8B4A-11D0-8D11-00A0C91BC942}") = "grpproctexes_static", "grpproctexes_static.vcproj", "{A4558674-1970-D6ED-BEAA-91FAC0057EAD}"
EndProject
Project("{8BC9CEB8-8B4A-11D0-8D11-00A0C91BC942}") = "grprenderall_static", "grprenderall_static.vcproj", "{916616B8-3506-7261-C532-D598868045CB}"
EndProject
Project("{8BC9CEB8-8B4A-11D0-8D11-00A0C91BC942}") = "grprenderers_static", "grprenderers_static.vcproj", "{FA27F4A2-FD42-5FF7-6057-C2DC785E7D4E}"
EndProject
Project("{8BC9CEB8-8B4A-11D0-8D11-00A0C91BC942}") = "grpshaders_static", "grpshaders_static.vcproj", "{6ED18504-A7C8-E54D-867F-B1938D532F90}"
EndProject
Project("{8BC9CEB8-8B4A-11D0-8D11-00A0C91BC942}") = "grpsndsys_static", "grpsndsys_static.vcproj", "{C93ACAD9-E422-394C-776F-6F097B005E99}"
EndProject
Project("{8BC9CEB8-8B4A-11D0-8D11-00A0C91BC942}") = "grpsoftcanvas_static", "grpsoftcanvas_static.vcproj", "{36C26FD0-2D58-CE05-FA54-7B93D22691E5}"
EndProject
Project("{8BC9CEB8-8B4A-11D0-8D11-00A0C91BC942}") = "grpsoftrenderer_static", "grpsoftrenderer_static.vcproj", "{0A53E8D1-603B-8D5E-1ECE-D4EB4FC08104}"
EndProject
Project("{8BC9CEB8-8B4A-11D0-8D11-00A0C91BC942}") = "grpsounddrivers_static", "grpsounddrivers_static.vcproj", "{74F9055F-88F3-6365-AF43-91239446F813}"
EndProject
Project("{8BC9CEB8-8B4A-11D0-8D11-00A0C91BC942}") = "grpsoundloaders_static", "grpsoundloaders_static.vcproj", "{0E02A808-15E9-A8B3-5D01-F2A7B73E5AA7}"
EndProject
Project("{8BC9CEB8-8B4A-11D0-8D11-00A0C91BC942}") = "grpwalkall_static", "grpwalkall_static.vcproj", "{F44B2810-841B-537C-74F8-B0F987E63766}"
EndProject
Project("{8BC9CEB8-8B4A-11D0-8D11-00A0C91BC942}") = "libcrystalspace", "libcrystalspace.vcproj", "{94434FE9-3277-7608-522B-0BEBB7690B41}"
EndProject
Project("{8BC9CEB8-8B4A-11D0-8D11-00A0C91BC942}") = "libcrystalspace_directx", "libcrystalspace_directx.vcproj", "{0C3A0010-DB63-0D22-B292-C2A563508FC8}"
EndProject
Project("{8BC9CEB8-8B4A-11D0-8D11-00A0C91BC942}") = "libcrystalspace_opengl", "libcrystalspace_opengl.vcproj", "{5FB34659-334D-1243-D20D-8539BED5E6A6}"
EndProject
Project("{8BC9CEB8-8B4A-11D0-8D11-00A0C91BC942}") = "libcrystalspace_staticplugins", "libcrystalspace_staticplugins.vcproj", "{C65D7C81-85F2-4F4E-2E93-2276DDBA06A5}"
EndProject
Project("{8BC9CEB8-8B4A-11D0-8D11-00A0C91BC942}") = "libcrystalspace_windows", "libcrystalspace_windows.vcproj", "{81AF7E24-83B0-C4C0-8B83-5AC92705A251}"
EndProject
Global
	GlobalSection(SolutionConfiguration) = preSolution
		ConfigName.0 = Release
		ConfigName.1 = Debug
		ConfigName.2 = ExtensiveMemDebug
	EndGlobalSection
	GlobalSection(ProjectDependencies) = postSolution
		{5463BFE4-411E-9F50-ABF9-53A5D4EAA436}.0 = {94434FE9-3277-7608-522B-0BEBB7690B41}
		{5463BFE4-411E-9F50-ABF9-53A5D4EAA436}.1 = {C65D7C81-85F2-4F4E-2E93-2276DDBA06A5}
		{72144902-6FED-0413-1C1B-E4DAE04D0D5B}.0 = {94434FE9-3277-7608-522B-0BEBB7690B41}
		{72144902-6FED-0413-1C1B-E4DAE04D0D5B}.1 = {5FB34659-334D-1243-D20D-8539BED5E6A6}
		{72144902-6FED-0413-1C1B-E4DAE04D0D5B}.2 = {C65D7C81-85F2-4F4E-2E93-2276DDBA06A5}
		{72144902-6FED-0413-1C1B-E4DAE04D0D5B}.3 = {81AF7E24-83B0-C4C0-8B83-5AC92705A251}
		{025A8D97-BA9D-441A-6C95-1AB1DDA432F3}.0 = {5463BFE4-411E-9F50-ABF9-53A5D4EAA436}
		{025A8D97-BA9D-441A-6C95-1AB1DDA432F3}.1 = {72144902-6FED-0413-1C1B-E4DAE04D0D5B}
		{025A8D97-BA9D-441A-6C95-1AB1DDA432F3}.2 = {94434FE9-3277-7608-522B-0BEBB7690B41}
		{025A8D97-BA9D-441A-6C95-1AB1DDA432F3}.3 = {0C3A0010-DB63-0D22-B292-C2A563508FC8}
		{025A8D97-BA9D-441A-6C95-1AB1DDA432F3}.4 = {5FB34659-334D-1243-D20D-8539BED5E6A6}
		{025A8D97-BA9D-441A-6C95-1AB1DDA432F3}.5 = {C65D7C81-85F2-4F4E-2E93-2276DDBA06A5}
		{025A8D97-BA9D-441A-6C95-1AB1DDA432F3}.6 = {81AF7E24-83B0-C4C0-8B83-5AC92705A251}
		{E52C45F7-9F93-B2E3-AEC6-7091557B118C}.0 = {5463BFE4-411E-9F50-ABF9-53A5D4EAA436}
		{E52C45F7-9F93-B2E3-AEC6-7091557B118C}.1 = {72144902-6FED-0413-1C1B-E4DAE04D0D5B}
		{69CC6DCF-6F53-3C1A-B2DD-FFBB09C068AE}.0 = {94434FE9-3277-7608-522B-0BEBB7690B41}
		{69CC6DCF-6F53-3C1A-B2DD-FFBB09C068AE}.1 = {0C3A0010-DB63-0D22-B292-C2A563508FC8}
		{69CC6DCF-6F53-3C1A-B2DD-FFBB09C068AE}.2 = {5FB34659-334D-1243-D20D-8539BED5E6A6}
		{69CC6DCF-6F53-3C1A-B2DD-FFBB09C068AE}.3 = {C65D7C81-85F2-4F4E-2E93-2276DDBA06A5}
		{69CC6DCF-6F53-3C1A-B2DD-FFBB09C068AE}.4 = {81AF7E24-83B0-C4C0-8B83-5AC92705A251}
	EndGlobalSection
	GlobalSection(ProjectConfiguration) = postSolution
		{5463BFE4-411E-9F50-ABF9-53A5D4EAA436}.Release.ActiveCfg = Release|Win32
		{5463BFE4-411E-9F50-ABF9-53A5D4EAA436}.Release.Build.0 = Release|Win32
		{5463BFE4-411E-9F50-ABF9-53A5D4EAA436}.Debug.ActiveCfg = Debug|Win32
		{5463BFE4-411E-9F50-ABF9-53A5D4EAA436}.Debug.Build.0 = Debug|Win32
		{5463BFE4-411E-9F50-ABF9-53A5D4EAA436}.ExtensiveMemDebug.ActiveCfg = ExtensiveMemDebug|Win32
		{5463BFE4-411E-9F50-ABF9-53A5D4EAA436}.ExtensiveMemDebug.Build.0 = ExtensiveMemDebug|Win32
		{72144902-6FED-0413-1C1B-E4DAE04D0D5B}.Release.ActiveCfg = Release|Win32
		{72144902-6FED-0413-1C1B-E4DAE04D0D5B}.Release.Build.0 = Release|Win32
		{72144902-6FED-0413-1C1B-E4DAE04D0D5B}.Debug.ActiveCfg = Debug|Win32
		{72144902-6FED-0413-1C1B-E4DAE04D0D5B}.Debug.Build.0 = Debug|Win32
		{72144902-6FED-0413-1C1B-E4DAE04D0D5B}.ExtensiveMemDebug.ActiveCfg = ExtensiveMemDebug|Win32
		{72144902-6FED-0413-1C1B-E4DAE04D0D5B}.ExtensiveMemDebug.Build.0 = ExtensiveMemDebug|Win32
		{025A8D97-BA9D-441A-6C95-1AB1DDA432F3}.Release.ActiveCfg = Release|Win32
		{025A8D97-BA9D-441A-6C95-1AB1DDA432F3}.Release.Build.0 = Release|Win32
		{025A8D97-BA9D-441A-6C95-1AB1DDA432F3}.Debug.ActiveCfg = Debug|Win32
		{025A8D97-BA9D-441A-6C95-1AB1DDA432F3}.Debug.Build.0 = Debug|Win32
		{025A8D97-BA9D-441A-6C95-1AB1DDA432F3}.ExtensiveMemDebug.ActiveCfg = ExtensiveMemDebug|Win32
		{025A8D97-BA9D-441A-6C95-1AB1DDA432F3}.ExtensiveMemDebug.Build.0 = ExtensiveMemDebug|Win32
		{E52C45F7-9F93-B2E3-AEC6-7091557B118C}.Release.ActiveCfg = Release|Win32
		{E52C45F7-9F93-B2E3-AEC6-7091557B118C}.Release.Build.0 = Release|Win32
		{E52C45F7-9F93-B2E3-AEC6-7091557B118C}.Debug.ActiveCfg = Debug|Win32
		{E52C45F7-9F93-B2E3-AEC6-7091557B118C}.Debug.Build.0 = Debug|Win32
		{E52C45F7-9F93-B2E3-AEC6-7091557B118C}.ExtensiveMemDebug.ActiveCfg = ExtensiveMemDebug|Win32
		{E52C45F7-9F93-B2E3-AEC6-7091557B118C}.ExtensiveMemDebug.Build.0 = ExtensiveMemDebug|Win32
		{8497519D-E4F1-D0AF-3D99-41DEBB45137A}.Release.ActiveCfg = Release|Win32
		{8497519D-E4F1-D0AF-3D99-41DEBB45137A}.Release.Build.0 = Release|Win32
		{8497519D-E4F1-D0AF-3D99-41DEBB45137A}.Debug.ActiveCfg = Debug|Win32
		{8497519D-E4F1-D0AF-3D99-41DEBB45137A}.Debug.Build.0 = Debug|Win32
		{8497519D-E4F1-D0AF-3D99-41DEBB45137A}.ExtensiveMemDebug.ActiveCfg = ExtensiveMemDebug|Win32
		{8497519D-E4F1-D0AF-3D99-41DEBB45137A}.ExtensiveMemDebug.Build.0 = ExtensiveMemDebug|Win32
		{C61F9363-A1BA-1AC0-3FB0-B86DADFA2E95}.Release.ActiveCfg = Release|Win32
		{C61F9363-A1BA-1AC0-3FB0-B86DADFA2E95}.Release.Build.0 = Release|Win32
		{C61F9363-A1BA-1AC0-3FB0-B86DADFA2E95}.Debug.ActiveCfg = Debug|Win32
		{C61F9363-A1BA-1AC0-3FB0-B86DADFA2E95}.Debug.Build.0 = Debug|Win32
		{C61F9363-A1BA-1AC0-3FB0-B86DADFA2E95}.ExtensiveMemDebug.ActiveCfg = ExtensiveMemDebug|Win32
		{C61F9363-A1BA-1AC0-3FB0-B86DADFA2E95}.ExtensiveMemDebug.Build.0 = ExtensiveMemDebug|Win32
		{BF2971FB-3B97-3BB5-6E20-6AA456BCD106}.Release.ActiveCfg = Release|Win32
		{BF2971FB-3B97-3BB5-6E20-6AA456BCD106}.Release.Build.0 = Release|Win32
		{BF2971FB-3B97-3BB5-6E20-6AA456BCD106}.Debug.ActiveCfg = Debug|Win32
		{BF2971FB-3B97-3BB5-6E20-6AA456BCD106}.Debug.Build.0 = Debug|Win32
		{BF2971FB-3B97-3BB5-6E20-6AA456BCD106}.ExtensiveMemDebug.ActiveCfg = ExtensiveMemDebug|Win32
		{BF2971FB-3B97-3BB5-6E20-6AA456BCD106}.ExtensiveMemDebug.Build.0 = ExtensiveMemDebug|Win32
		{69CC6DCF-6F53-3C1A-B2DD-FFBB09C068AE}.Release.ActiveCfg = Release|Win32
		{69CC6DCF-6F53-3C1A-B2DD-FFBB09C068AE}.Release.Build.0 = Release|Win32
		{69CC6DCF-6F53-3C1A-B2DD-FFBB09C068AE}.Debug.ActiveCfg = Debug|Win32
		{69CC6DCF-6F53-3C1A-B2DD-FFBB09C068AE}.Debug.Build.0 = Debug|Win32
		{69CC6DCF-6F53-3C1A-B2DD-FFBB09C068AE}.ExtensiveMemDebug.ActiveCfg = ExtensiveMemDebug|Win32
		{69CC6DCF-6F53-3C1A-B2DD-FFBB09C068AE}.ExtensiveMemDebug.Build.0 = ExtensiveMemDebug|Win32
		{0BE2B1AE-5E72-63D6-E3FA-FBB2D472C6DB}.Release.ActiveCfg = Release|Win32
		{0BE2B1AE-5E72-63D6-E3FA-FBB2D472C6DB}.Release.Build.0 = Release|Win32
		{0BE2B1AE-5E72-63D6-E3FA-FBB2D472C6DB}.Debug.ActiveCfg = Debug|Win32
		{0BE2B1AE-5E72-63D6-E3FA-FBB2D472C6DB}.Debug.Build.0 = Debug|Win32
		{0BE2B1AE-5E72-63D6-E3FA-FBB2D472C6DB}.ExtensiveMemDebug.ActiveCfg = ExtensiveMemDebug|Win32
		{0BE2B1AE-5E72-63D6-E3FA-FBB2D472C6DB}.ExtensiveMemDebug.Build.0 = ExtensiveMemDebug|Win32
		{D7FE5ACD-7605-58D5-412E-D77027E35377}.Release.ActiveCfg = Release|Win32
		{D7FE5ACD-7605-58D5-412E-D77027E35377}.Release.Build.0 = Release|Win32
		{D7FE5ACD-7605-58D5-412E-D77027E35377}.Debug.ActiveCfg = Debug|Win32
		{D7FE5ACD-7605-58D5-412E-D77027E35377}.Debug.Build.0 = Debug|Win32
		{D7FE5ACD-7605-58D5-412E-D77027E35377}.ExtensiveMemDebug.ActiveCfg = ExtensiveMemDebug|Win32
		{D7FE5ACD-7605-58D5-412E-D77027E35377}.ExtensiveMemDebug.Build.0 = ExtensiveMemDebug|Win32
		{C5BE4FB8-4334-8AE1-EE4D-844CBEDDDAAB}.Release.ActiveCfg = Release|Win32
		{C5BE4FB8-4334-8AE1-EE4D-844CBEDDDAAB}.Release.Build.0 = Release|Win32
		{C5BE4FB8-4334-8AE1-EE4D-844CBEDDDAAB}.Debug.ActiveCfg = Debug|Win32
		{C5BE4FB8-4334-8AE1-EE4D-844CBEDDDAAB}.Debug.Build.0 = Debug|Win32
		{C5BE4FB8-4334-8AE1-EE4D-844CBEDDDAAB}.ExtensiveMemDebug.ActiveCfg = ExtensiveMemDebug|Win32
		{C5BE4FB8-4334-8AE1-EE4D-844CBEDDDAAB}.ExtensiveMemDebug.Build.0 = ExtensiveMemDebug|Win32
		{8EC4EA1D-8559-9817-523C-8B0F07F27CF7}.Release.ActiveCfg = Release|Win32
		{8EC4EA1D-8559-9817-523C-8B0F07F27CF7}.Release.Build.0 = Release|Win32
		{8EC4EA1D-8559-9817-523C-8B0F07F27CF7}.Debug.ActiveCfg = Debug|Win32
		{8EC4EA1D-8559-9817-523C-8B0F07F27CF7}.Debug.Build.0 = Debug|Win32
		{8EC4EA1D-8559-9817-523C-8B0F07F27CF7}.ExtensiveMemDebug.ActiveCfg = ExtensiveMemDebug|Win32
		{8EC4EA1D-8559-9817-523C-8B0F07F27CF7}.ExtensiveMemDebug.Build.0 = ExtensiveMemDebug|Win32
		{0E350FAB-AC29-2982-8FB4-C97CA88F1415}.Release.ActiveCfg = Release|Win32
		{0E350FAB-AC29-2982-8FB4-C97CA88F1415}.Release.Build.0 = Release|Win32
		{0E350FAB-AC29-2982-8FB4-C97CA88F1415}.Debug.ActiveCfg = Debug|Win32
		{0E350FAB-AC29-2982-8FB4-C97CA88F1415}.Debug.Build.0 = Debug|Win32
		{0E350FAB-AC29-2982-8FB4-C97CA88F1415}.ExtensiveMemDebug.ActiveCfg = ExtensiveMemDebug|Win32
		{0E350FAB-AC29-2982-8FB4-C97CA88F1415}.ExtensiveMemDebug.Build.0 = ExtensiveMemDebug|Win32
		{A4558674-1970-D6ED-BEAA-91FAC0057EAD}.Release.ActiveCfg = Release|Win32
		{A4558674-1970-D6ED-BEAA-91FAC0057EAD}.Release.Build.0 = Release|Win32
		{A4558674-1970-D6ED-BEAA-91FAC0057EAD}.Debug.ActiveCfg = Debug|Win32
		{A4558674-1970-D6ED-BEAA-91FAC0057EAD}.Debug.Build.0 = Debug|Win32
		{A4558674-1970-D6ED-BEAA-91FAC0057EAD}.ExtensiveMemDebug.ActiveCfg = ExtensiveMemDebug|Win32
		{A4558674-1970-D6ED-BEAA-91FAC0057EAD}.ExtensiveMemDebug.Build.0 = ExtensiveMemDebug|Win32
		{916616B8-3506-7261-C532-D598868045CB}.Release.ActiveCfg = Release|Win32
		{916616B8-3506-7261-C532-D598868045CB}.Release.Build.0 = Release|Win32
		{916616B8-3506-7261-C532-D598868045CB}.Debug.ActiveCfg = Debug|Win32
		{916616B8-3506-7261-C532-D598868045CB}.Debug.Build.0 = Debug|Win32
		{916616B8-3506-7261-C532-D598868045CB}.ExtensiveMemDebug.ActiveCfg = ExtensiveMemDebug|Win32
		{916616B8-3506-7261-C532-D598868045CB}.ExtensiveMemDebug.Build.0 = ExtensiveMemDebug|Win32
		{FA27F4A2-FD42-5FF7-6057-C2DC785E7D4E}.Release.ActiveCfg = Release|Win32
		{FA27F4A2-FD42-5FF7-6057-C2DC785E7D4E}.Release.Build.0 = Release|Win32
		{FA27F4A2-FD42-5FF7-6057-C2DC785E7D4E}.Debug.ActiveCfg = Debug|Win32
		{FA27F4A2-FD42-5FF7-6057-C2DC785E7D4E}.Debug.Build.0 = Debug|Win32
		{FA27F4A2-FD42-5FF7-6057-C2DC785E7D4E}.ExtensiveMemDebug.ActiveCfg = ExtensiveMemDebug|Win32
		{FA27F4A2-FD42-5FF7-6057-C2DC785E7D4E}.ExtensiveMemDebug.Build.0 = ExtensiveMemDebug|Win32
		{6ED18504-A7C8-E54D-867F-B1938D532F90}.Release.ActiveCfg = Release|Win32
		{6ED18504-A7C8-E54D-867F-B1938D532F90}.Release.Build.0 = Release|Win32
		{6ED18504-A7C8-E54D-867F-B1938D532F90}.Debug.ActiveCfg = Debug|Win32
		{6ED18504-A7C8-E54D-867F-B1938D532F90}.Debug.Build.0 = Debug|Win32
		{6ED18504-A7C8-E54D-867F-B1938D532F90}.ExtensiveMemDebug.ActiveCfg = ExtensiveMemDebug|Win32
		{6ED18504-A7C8-E54D-867F-B1938D532F90}.ExtensiveMemDebug.Build.0 = ExtensiveMemDebug|Win32
		{C93ACAD9-E422-394C-776F-6F097B005E99}.Release.ActiveCfg = Release|Win32
		{C93ACAD9-E422-394C-776F-6F097B005E99}.Release.Build.0 = Release|Win32
		{C93ACAD9-E422-394C-776F-6F097B005E99}.Debug.ActiveCfg = Debug|Win32
		{C93ACAD9-E422-394C-776F-6F097B005E99}.Debug.Build.0 = Debug|Win32
		{C93ACAD9-E422-394C-776F-6F097B005E99}.ExtensiveMemDebug.ActiveCfg = ExtensiveMemDebug|Win32
		{C93ACAD9-E422-394C-776F-6F097B005E99}.ExtensiveMemDebug.Build.0 = ExtensiveMemDebug|Win32
		{36C26FD0-2D58-CE05-FA54-7B93D22691E5}.Release.ActiveCfg = Release|Win32
		{36C26FD0-2D58-CE05-FA54-7B93D22691E5}.Release.Build.0 = Release|Win32
		{36C26FD0-2D58-CE05-FA54-7B93D22691E5}.Debug.ActiveCfg = Debug|Win32
		{36C26FD0-2D58-CE05-FA54-7B93D22691E5}.Debug.Build.0 = Debug|Win32
		{36C26FD0-2D58-CE05-FA54-7B93D22691E5}.ExtensiveMemDebug.ActiveCfg = ExtensiveMemDebug|Win32
		{36C26FD0-2D58-CE05-FA54-7B93D22691E5}.ExtensiveMemDebug.Build.0 = ExtensiveMemDebug|Win32
		{0A53E8D1-603B-8D5E-1ECE-D4EB4FC08104}.Release.ActiveCfg = Release|Win32
		{0A53E8D1-603B-8D5E-1ECE-D4EB4FC08104}.Release.Build.0 = Release|Win32
		{0A53E8D1-603B-8D5E-1ECE-D4EB4FC08104}.Debug.ActiveCfg = Debug|Win32
		{0A53E8D1-603B-8D5E-1ECE-D4EB4FC08104}.Debug.Build.0 = Debug|Win32
		{0A53E8D1-603B-8D5E-1ECE-D4EB4FC08104}.ExtensiveMemDebug.ActiveCfg = ExtensiveMemDebug|Win32
		{0A53E8D1-603B-8D5E-1ECE-D4EB4FC08104}.ExtensiveMemDebug.Build.0 = ExtensiveMemDebug|Win32
		{74F9055F-88F3-6365-AF43-91239446F813}.Release.ActiveCfg = Release|Win32
		{74F9055F-88F3-6365-AF43-91239446F813}.Release.Build.0 = Release|Win32
		{74F9055F-88F3-6365-AF43-91239446F813}.Debug.ActiveCfg = Debug|Win32
		{74F9055F-88F3-6365-AF43-91239446F813}.Debug.Build.0 = Debug|Win32
		{74F9055F-88F3-6365-AF43-91239446F813}.ExtensiveMemDebug.ActiveCfg = ExtensiveMemDebug|Win32
		{74F9055F-88F3-6365-AF43-91239446F813}.ExtensiveMemDebug.Build.0 = ExtensiveMemDebug|Win32
		{0E02A808-15E9-A8B3-5D01-F2A7B73E5AA7}.Release.ActiveCfg = Release|Win32
		{0E02A808-15E9-A8B3-5D01-F2A7B73E5AA7}.Release.Build.0 = Release|Win32
		{0E02A808-15E9-A8B3-5D01-F2A7B73E5AA7}.Debug.ActiveCfg = Debug|Win32
		{0E02A808-15E9-A8B3-5D01-F2A7B73E5AA7}.Debug.Build.0 = Debug|Win32
		{0E02A808-15E9-A8B3-5D01-F2A7B73E5AA7}.ExtensiveMemDebug.ActiveCfg = ExtensiveMemDebug|Win32
		{0E02A808-15E9-A8B3-5D01-F2A7B73E5AA7}.ExtensiveMemDebug.Build.0 = ExtensiveMemDebug|Win32
		{F44B2810-841B-537C-74F8-B0F987E63766}.Release.ActiveCfg = Release|Win32
		{F44B2810-841B-537C-74F8-B0F987E63766}.Release.Build.0 = Release|Win32
		{F44B2810-841B-537C-74F8-B0F987E63766}.Debug.ActiveCfg = Debug|Win32
		{F44B2810-841B-537C-74F8-B0F987E63766}.Debug.Build.0 = Debug|Win32
		{F44B2810-841B-537C-74F8-B0F987E63766}.ExtensiveMemDebug.ActiveCfg = ExtensiveMemDebug|Win32
		{F44B2810-841B-537C-74F8-B0F987E63766}.ExtensiveMemDebug.Build.0 = ExtensiveMemDebug|Win32
		{94434FE9-3277-7608-522B-0BEBB7690B41}.Release.ActiveCfg = Release|Win32
		{94434FE9-3277-7608-522B-0BEBB7690B41}.Release.Build.0 = Release|Win32
		{94434FE9-3277-7608-522B-0BEBB7690B41}.Debug.ActiveCfg = Debug|Win32
		{94434FE9-3277-7608-522B-0BEBB7690B41}.Debug.Build.0 = Debug|Win32
		{94434FE9-3277-7608-522B-0BEBB7690B41}.ExtensiveMemDebug.ActiveCfg = ExtensiveMemDebug|Win32
		{94434FE9-3277-7608-522B-0BEBB7690B41}.ExtensiveMemDebug.Build.0 = ExtensiveMemDebug|Win32
		{0C3A0010-DB63-0D22-B292-C2A563508FC8}.Release.ActiveCfg = Release|Win32
		{0C3A0010-DB63-0D22-B292-C2A563508FC8}.Release.Build.0 = Release|Win32
		{0C3A0010-DB63-0D22-B292-C2A563508FC8}.Debug.ActiveCfg = Debug|Win32
		{0C3A0010-DB63-0D22-B292-C2A563508FC8}.Debug.Build.0 = Debug|Win32
		{0C3A0010-DB63-0D22-B292-C2A563508FC8}.ExtensiveMemDebug.ActiveCfg = ExtensiveMemDebug|Win32
		{0C3A0010-DB63-0D22-B292-C2A563508FC8}.ExtensiveMemDebug.Build.0 = ExtensiveMemDebug|Win32
		{5FB34659-334D-1243-D20D-8539BED5E6A6}.Release.ActiveCfg = Release|Win32
		{5FB34659-334D-1243-D20D-8539BED5E6A6}.Release.Build.0 = Release|Win32
		{5FB34659-334D-1243-D20D-8539BED5E6A6}.Debug.ActiveCfg = Debug|Win32
		{5FB34659-334D-1243-D20D-8539BED5E6A6}.Debug.Build.0 = Debug|Win32
		{5FB34659-334D-1243-D20D-8539BED5E6A6}.ExtensiveMemDebug.ActiveCfg = ExtensiveMemDebug|Win32
		{5FB34659-334D-1243-D20D-8539BED5E6A6}.ExtensiveMemDebug.Build.0 = ExtensiveMemDebug|Win32
		{C65D7C81-85F2-4F4E-2E93-2276DDBA06A5}.Release.ActiveCfg = Release|Win32
		{C65D7C81-85F2-4F4E-2E93-2276DDBA06A5}.Release.Build.0 = Release|Win32
		{C65D7C81-85F2-4F4E-2E93-2276DDBA06A5}.Debug.ActiveCfg = Debug|Win32
		{C65D7C81-85F2-4F4E-2E93-2276DDBA06A5}.Debug.Build.0 = Debug|Win32
		{C65D7C81-85F2-4F4E-2E93-2276DDBA06A5}.ExtensiveMemDebug.ActiveCfg = ExtensiveMemDebug|Win32
		{C65D7C81-85F2-4F4E-2E93-2276DDBA06A5}.ExtensiveMemDebug.Build.0 = ExtensiveMemDebug|Win32
		{81AF7E24-83B0-C4C0-8B83-5AC92705A251}.Release.ActiveCfg = Release|Win32
		{81AF7E24-83B0-C4C0-8B83-5AC92705A251}.Release.Build.0 = Release|Win32
		{81AF7E24-83B0-C4C0-8B83-5AC92705A251}.Debug.ActiveCfg = Debug|Win32
		{81AF7E24-83B0-C4C0-8B83-5AC92705A251}.Debug.Build.0 = Debug|Win32
		{81AF7E24-83B0-C4C0-8B83-5AC92705A251}.ExtensiveMemDebug.ActiveCfg = ExtensiveMemDebug|Win32
		{81AF7E24-83B0-C4C0-8B83-5AC92705A251}.ExtensiveMemDebug.Build.0 = ExtensiveMemDebug|Win32
	EndGlobalSection
	GlobalSection(ExtensibilityGlobals) = postSolution
	EndGlobalSection
	GlobalSection(ExtensibilityAddIns) = postSolution
	EndGlobalSection
EndGlobal
